
Microsoft Visual Studio Solution File, Format Version 12.00
# Visual Studio 15
VisualStudioVersion = 15.0.28307.852
MinimumVisualStudioVersion = 10.0.40219.1
Project("{8BC9CEB8-8B4A-11D0-8D11-00A0C91BC942}") = "Chapter-01（Sort with bound memory）", "Chapter-01（Sort with bound memory）\Chapter-01（Sort with bound memory）.vcxproj", "{7843A275-8B84-45C3-9510-ED193E9ECC14}"
EndProject
Global
	GlobalSection(SolutionConfigurationPlatforms) = preSolution
		Debug|x64 = Debug|x64
		Debug|x86 = Debug|x86
		Release|x64 = Release|x64
		Release|x86 = Release|x86
	EndGlobalSection
	GlobalSection(ProjectConfigurationPlatforms) = postSolution
		{7843A275-8B84-45C3-9510-ED193E9ECC14}.Debug|x64.ActiveCfg = Debug|x64
		{7843A275-8B84-45C3-9510-ED193E9ECC14}.Debug|x64.Build.0 = Debug|x64
		{7843A275-8B84-45C3-9510-ED193E9ECC14}.Debug|x86.ActiveCfg = Debug|Win32
		{7843A275-8B84-45C3-9510-ED193E9ECC14}.Debug|x86.Build.0 = Debug|Win32
		{7843A275-8B84-45C3-9510-ED193E9ECC14}.Release|x64.ActiveCfg = Release|x64
		{7843A275-8B84-45C3-9510-ED193E9ECC14}.Release|x64.Build.0 = Release|x64
		{7843A275-8B84-45C3-9510-ED193E9ECC14}.Release|x86.ActiveCfg = Release|Win32
		{7843A275-8B84-45C3-9510-ED193E9ECC14}.Release|x86.Build.0 = Release|Win32
	EndGlobalSection
	GlobalSection(SolutionProperties) = preSolution
		HideSolutionNode = FALSE
	EndGlobalSection
	GlobalSection(ExtensibilityGlobals) = postSolution
		SolutionGuid = {295B9785-EF2E-47E0-9688-47906DF86DE1}
	EndGlobalSection
EndGlobal
